PODS:
  - JSONWebToken (2.2.0)
  - mongo-embedded-c-driver (1.13.0-4.0.4)
  - mongo_embedded (4.0.4)
  - mongoc_embedded (4.0.4):
    - mongo-embedded-c-driver (~> 1.13.0-4.0.4)
    - mongo_embedded (~> 4.0.4)
  - MongoMobile (0.0.5):
    - mongo_embedded (~> 4.0.4)
    - mongoc_embedded (~> 4.0.4)
    - MongoSwift (~> 0.0.7)
  - MongoSwift (0.0.7):
    - mongo-embedded-c-driver (~> 1.13.0-4.0.0)
  - Swifter (1.4.5)

DEPENDENCIES:
  - JSONWebToken (~> 2.2.0)
  - MongoMobile (= 0.0.5)
  - MongoSwift (= 0.0.7)
  - Swifter (~> 1.4.5)

SPEC REPOS:
  https://github.com/cocoapods/specs.git:
    - JSONWebToken
    - mongo-embedded-c-driver
    - mongo_embedded
    - mongoc_embedded
    - MongoMobile
    - MongoSwift
    - Swifter

SPEC CHECKSUMS:
  JSONWebToken: 6fae32489632658d563dd6952a5c34020ea813e4
  mongo-embedded-c-driver: b46360baa15fc142baae80628822f26663220bde
  mongo_embedded: e413134eb6b60544e7278add03007f8fe384a00c
  mongoc_embedded: 41aadbb756b07070d6f0471192a84750cb42c580
  MongoMobile: 2fc916b194dc19b9a6b8d948d42441b0b37812e7
  MongoSwift: de22baca5a59aef44de44e07ee9adb8c4f59c5ee
  Swifter: eb2bc1d192a1c09169c7fefd01971565fa940521

PODFILE CHECKSUM: 04edb50ac0a4742f592786d792fc3d6128e57f53

COCOAPODS: 1.6.0.beta.2
